
Microsoft Visual Studio Solution File, Format Version 12.00
# Visual Studio 15
VisualStudioVersion = 15.0.26124.0
MinimumVisualStudioVersion = 15.0.26124.0
Project("{FAE04EC0-301F-11D3-BF4B-00C04F79EFBC}") = "IdentityServer", "IdentityServer\IdentityServer.csproj", "{73AB680F-C7F4-4914-BF05-A5B7DC5030E8}"
EndProject
Project("{FAE04EC0-301F-11D3-BF4B-00C04F79EFBC}") = "ClientApi", "ClientApi\ClientApi.csproj", "{7B439872-C48F-4928-98D5-272C8F58B002}"
EndProject
Global
	GlobalSection(SolutionConfigurationPlatforms) = preSolution
		Debug|Any CPU = Debug|Any CPU
		Debug|x64 = Debug|x64
		Debug|x86 = Debug|x86
		Release|Any CPU = Release|Any CPU
		Release|x64 = Release|x64
		Release|x86 = Release|x86
	EndGlobalSection
	GlobalSection(SolutionProperties) = preSolution
		HideSolutionNode = FALSE
	EndGlobalSection
	GlobalSection(ProjectConfigurationPlatforms) = postSolution
		{73AB680F-C7F4-4914-BF05-A5B7DC5030E8}.Debug|Any CPU.ActiveCfg = Debug|Any CPU
		{73AB680F-C7F4-4914-BF05-A5B7DC5030E8}.Debug|Any CPU.Build.0 = Debug|Any CPU
		{73AB680F-C7F4-4914-BF05-A5B7DC5030E8}.Debug|x64.ActiveCfg = Debug|Any CPU
		{73AB680F-C7F4-4914-BF05-A5B7DC5030E8}.Debug|x64.Build.0 = Debug|Any CPU
		{73AB680F-C7F4-4914-BF05-A5B7DC5030E8}.Debug|x86.ActiveCfg = Debug|Any CPU
		{73AB680F-C7F4-4914-BF05-A5B7DC5030E8}.Debug|x86.Build.0 = Debug|Any CPU
		{73AB680F-C7F4-4914-BF05-A5B7DC5030E8}.Release|Any CPU.ActiveCfg = Release|Any CPU
		{73AB680F-C7F4-4914-BF05-A5B7DC5030E8}.Release|Any CPU.Build.0 = Release|Any CPU
		{73AB680F-C7F4-4914-BF05-A5B7DC5030E8}.Release|x64.ActiveCfg = Release|Any CPU
		{73AB680F-C7F4-4914-BF05-A5B7DC5030E8}.Release|x64.Build.0 = Release|Any CPU
		{73AB680F-C7F4-4914-BF05-A5B7DC5030E8}.Release|x86.ActiveCfg = Release|Any CPU
		{73AB680F-C7F4-4914-BF05-A5B7DC5030E8}.Release|x86.Build.0 = Release|Any CPU
		{7B439872-C48F-4928-98D5-272C8F58B002}.Debug|Any CPU.ActiveCfg = Debug|Any CPU
		{7B439872-C48F-4928-98D5-272C8F58B002}.Debug|Any CPU.Build.0 = Debug|Any CPU
		{7B439872-C48F-4928-98D5-272C8F58B002}.Debug|x64.ActiveCfg = Debug|Any CPU
		{7B439872-C48F-4928-98D5-272C8F58B002}.Debug|x64.Build.0 = Debug|Any CPU
		{7B439872-C48F-4928-98D5-272C8F58B002}.Debug|x86.ActiveCfg = Debug|Any CPU
		{7B439872-C48F-4928-98D5-272C8F58B002}.Debug|x86.Build.0 = Debug|Any CPU
		{7B439872-C48F-4928-98D5-272C8F58B002}.Release|Any CPU.ActiveCfg = Release|Any CPU
		{7B439872-C48F-4928-98D5-272C8F58B002}.Release|Any CPU.Build.0 = Release|Any CPU
		{7B439872-C48F-4928-98D5-272C8F58B002}.Release|x64.ActiveCfg = Release|Any CPU
		{7B439872-C48F-4928-98D5-272C8F58B002}.Release|x64.Build.0 = Release|Any CPU
		{7B439872-C48F-4928-98D5-272C8F58B002}.Release|x86.ActiveCfg = Release|Any CPU
		{7B439872-C48F-4928-98D5-272C8F58B002}.Release|x86.Build.0 = Release|Any CPU
	EndGlobalSection
EndGlobal
