
Microsoft Visual Studio Solution File, Format Version 12.00
# Visual Studio 15
VisualStudioVersion = 15.0.26124.0
MinimumVisualStudioVersion = 15.0.26124.0
Project("{FAE04EC0-301F-11D3-BF4B-00C04F79EFBC}") = "WebAPI", "Bebop.WebAPI\WebAPI.csproj", "{EFD668C9-3BAD-49B0-ABB3-45CE105F4BFE}"
EndProject
Project("{FAE04EC0-301F-11D3-BF4B-00C04F79EFBC}") = "IdentityServer", "Bebop.Identity\IdentityServer.csproj", "{3AD354BE-898D-4A59-AE7A-82B2BEFF4CBF}"
EndProject
Global
	GlobalSection(SolutionConfigurationPlatforms) = preSolution
		Debug|Any CPU = Debug|Any CPU
		Debug|x64 = Debug|x64
		Debug|x86 = Debug|x86
		Release|Any CPU = Release|Any CPU
		Release|x64 = Release|x64
		Release|x86 = Release|x86
	EndGlobalSection
	GlobalSection(SolutionProperties) = preSolution
		HideSolutionNode = FALSE
	EndGlobalSection
	GlobalSection(ProjectConfigurationPlatforms) = postSolution
		{EFD668C9-3BAD-49B0-ABB3-45CE105F4BFE}.Debug|Any CPU.ActiveCfg = Debug|Any CPU
		{EFD668C9-3BAD-49B0-ABB3-45CE105F4BFE}.Debug|Any CPU.Build.0 = Debug|Any CPU
		{EFD668C9-3BAD-49B0-ABB3-45CE105F4BFE}.Debug|x64.ActiveCfg = Debug|Any CPU
		{EFD668C9-3BAD-49B0-ABB3-45CE105F4BFE}.Debug|x64.Build.0 = Debug|Any CPU
		{EFD668C9-3BAD-49B0-ABB3-45CE105F4BFE}.Debug|x86.ActiveCfg = Debug|Any CPU
		{EFD668C9-3BAD-49B0-ABB3-45CE105F4BFE}.Debug|x86.Build.0 = Debug|Any CPU
		{EFD668C9-3BAD-49B0-ABB3-45CE105F4BFE}.Release|Any CPU.ActiveCfg = Release|Any CPU
		{EFD668C9-3BAD-49B0-ABB3-45CE105F4BFE}.Release|Any CPU.Build.0 = Release|Any CPU
		{EFD668C9-3BAD-49B0-ABB3-45CE105F4BFE}.Release|x64.ActiveCfg = Release|Any CPU
		{EFD668C9-3BAD-49B0-ABB3-45CE105F4BFE}.Release|x64.Build.0 = Release|Any CPU
		{EFD668C9-3BAD-49B0-ABB3-45CE105F4BFE}.Release|x86.ActiveCfg = Release|Any CPU
		{EFD668C9-3BAD-49B0-ABB3-45CE105F4BFE}.Release|x86.Build.0 = Release|Any CPU
		{3AD354BE-898D-4A59-AE7A-82B2BEFF4CBF}.Debug|Any CPU.ActiveCfg = Debug|Any CPU
		{3AD354BE-898D-4A59-AE7A-82B2BEFF4CBF}.Debug|Any CPU.Build.0 = Debug|Any CPU
		{3AD354BE-898D-4A59-AE7A-82B2BEFF4CBF}.Debug|x64.ActiveCfg = Debug|Any CPU
		{3AD354BE-898D-4A59-AE7A-82B2BEFF4CBF}.Debug|x64.Build.0 = Debug|Any CPU
		{3AD354BE-898D-4A59-AE7A-82B2BEFF4CBF}.Debug|x86.ActiveCfg = Debug|Any CPU
		{3AD354BE-898D-4A59-AE7A-82B2BEFF4CBF}.Debug|x86.Build.0 = Debug|Any CPU
		{3AD354BE-898D-4A59-AE7A-82B2BEFF4CBF}.Release|Any CPU.ActiveCfg = Release|Any CPU
		{3AD354BE-898D-4A59-AE7A-82B2BEFF4CBF}.Release|Any CPU.Build.0 = Release|Any CPU
		{3AD354BE-898D-4A59-AE7A-82B2BEFF4CBF}.Release|x64.ActiveCfg = Release|Any CPU
		{3AD354BE-898D-4A59-AE7A-82B2BEFF4CBF}.Release|x64.Build.0 = Release|Any CPU
		{3AD354BE-898D-4A59-AE7A-82B2BEFF4CBF}.Release|x86.ActiveCfg = Release|Any CPU
		{3AD354BE-898D-4A59-AE7A-82B2BEFF4CBF}.Release|x86.Build.0 = Release|Any CPU
	EndGlobalSection
EndGlobal
